{
  "name": "single_uniapp",
  "lockfileVersion": 2,
  "requires": true,
  "packages": {
    "": {
      "dependencies": {
        "mp-html": "^2.5.0"
      }
    },
    "node_modules/mp-html": {
      "version": "2.5.0",
      "resolved": "https://registry.npmmirror.com/mp-html/-/mp-html-2.5.0.tgz",
      "integrity": "sha512-uvBH5tIaDIlj8qaxsvNXU3RKX0jvXOo3J6FAi/notUv/ds6j79UUTE82aDkxxUk0eLUU0CiCqMrR7WWnytk30Q=="
    }
  },
  "dependencies": {
    "mp-html": {
      "version": "2.5.0",
      "resolved": "https://registry.npmmirror.com/mp-html/-/mp-html-2.5.0.tgz",
      "integrity": "sha512-uvBH5tIaDIlj8qaxsvNXU3RKX0jvXOo3J6FAi/notUv/ds6j79UUTE82aDkxxUk0eLUU0CiCqMrR7WWnytk30Q=="
    }
  }
}
